
Microsoft Visual Studio Solution File, Format Version 12.00
# Visual Studio Version 17
VisualStudioVersion = 17.14.37531.7
MinimumVisualStudioVersion = 10.0.40219.1
Project("{FAE04EC0-301F-11D3-BF4B-00C04F79EFBC}") = "CRN_Technical_Assessment", "CRN_Technical_Assessment.csproj", "{34C5AB83-4D10-4E4D-B1CF-C2BC4ABF12E8}"
EndProject
Project("{2150E333-8FDC-42A3-9474-1A3956D46DE8}") = "tests", "tests", "{0AB3BF05-4346-4AA6-1389-037BE0695223}"
EndProject
Project("{FAE04EC0-301F-11D3-BF4B-00C04F79EFBC}") = "CRN_Technical_Assessment.Tests", "tests\CRN_Technical_Assessment.Tests\CRN_Technical_Assessment.Tests.csproj", "{DE452D9B-D429-4E16-B004-564592508511}"
EndProject
Global
	GlobalSection(SolutionConfigurationPlatforms) = preSolution
		Debug|Any CPU = Debug|Any CPU
		Debug|x64 = Debug|x64
		Debug|x86 = Debug|x86
		Release|Any CPU = Release|Any CPU
		Release|x64 = Release|x64
		Release|x86 = Release|x86
	EndGlobalSection
	GlobalSection(ProjectConfigurationPlatforms) = postSolution
		{34C5AB83-4D10-4E4D-B1CF-C2BC4ABF12E8}.Debug|Any CPU.ActiveCfg = Debug|Any CPU
		{34C5AB83-4D10-4E4D-B1CF-C2BC4ABF12E8}.Debug|Any CPU.Build.0 = Debug|Any CPU
		{34C5AB83-4D10-4E4D-B1CF-C2BC4ABF12E8}.Debug|x64.ActiveCfg = Debug|Any CPU
		{34C5AB83-4D10-4E4D-B1CF-C2BC4ABF12E8}.Debug|x64.Build.0 = Debug|Any CPU
		{34C5AB83-4D10-4E4D-B1CF-C2BC4ABF12E8}.Debug|x86.ActiveCfg = Debug|Any CPU
		{34C5AB83-4D10-4E4D-B1CF-C2BC4ABF12E8}.Debug|x86.Build.0 = Debug|Any CPU
		{34C5AB83-4D10-4E4D-B1CF-C2BC4ABF12E8}.Release|Any CPU.ActiveCfg = Release|Any CPU
		{34C5AB83-4D10-4E4D-B1CF-C2BC4ABF12E8}.Release|Any CPU.Build.0 = Release|Any CPU
		{34C5AB83-4D10-4E4D-B1CF-C2BC4ABF12E8}.Release|x64.ActiveCfg = Release|Any CPU
		{34C5AB83-4D10-4E4D-B1CF-C2BC4ABF12E8}.Release|x64.Build.0 = Release|Any CPU
		{34C5AB83-4D10-4E4D-B1CF-C2BC4ABF12E8}.Release|x86.ActiveCfg = Release|Any CPU
		{34C5AB83-4D10-4E4D-B1CF-C2BC4ABF12E8}.Release|x86.Build.0 = Release|Any CPU
		{DE452D9B-D429-4E16-B004-564592508511}.Debug|Any CPU.ActiveCfg = Debug|Any CPU
		{DE452D9B-D429-4E16-B004-564592508511}.Debug|Any CPU.Build.0 = Debug|Any CPU
		{DE452D9B-D429-4E16-B004-564592508511}.Debug|x64.ActiveCfg = Debug|Any CPU
		{DE452D9B-D429-4E16-B004-564592508511}.Debug|x64.Build.0 = Debug|Any CPU
		{DE452D9B-D429-4E16-B004-564592508511}.Debug|x86.ActiveCfg = Debug|Any CPU
		{DE452D9B-D429-4E16-B004-564592508511}.Debug|x86.Build.0 = Debug|Any CPU
		{DE452D9B-D429-4E16-B004-564592508511}.Release|Any CPU.ActiveCfg = Release|Any CPU
		{DE452D9B-D429-4E16-B004-564592508511}.Release|Any CPU.Build.0 = Release|Any CPU
		{DE452D9B-D429-4E16-B004-564592508511}.Release|x64.ActiveCfg = Release|Any CPU
		{DE452D9B-D429-4E16-B004-564592508511}.Release|x64.Build.0 = Release|Any CPU
		{DE452D9B-D429-4E16-B004-564592508511}.Release|x86.ActiveCfg = Release|Any CPU
		{DE452D9B-D429-4E16-B004-564592508511}.Release|x86.Build.0 = Release|Any CPU
	EndGlobalSection
	GlobalSection(SolutionProperties) = preSolution
		HideSolutionNode = FALSE
	EndGlobalSection
	GlobalSection(NestedProjects) = preSolution
		{DE452D9B-D429-4E16-B004-564592508511} = {0AB3BF05-4346-4AA6-1389-037BE0695223}
	EndGlobalSection
	GlobalSection(ExtensibilityGlobals) = postSolution
		SolutionGuid = {7476A564-B4DE-44F1-92C8-E7CB10F50574}
	EndGlobalSection
EndGlobal
